Microsoft Visual Studio Solution File, Format Version 12.00
# Visual Studio 2013
Project("{8BC9CEB8-8B4A-11D0-8D11-00A0C91BC942}") = "ALL_BUILD", "ALL_BUILD.vcxproj", "{0F26771D-9B34-4097-8672-2F4BF77A33EF}"
	ProjectSection(ProjectDependencies) = postProject
		{4F5E8C91-C7F8-4E60-AACE-4700FC9E51E5} = {4F5E8C91-C7F8-4E60-AACE-4700FC9E51E5}
		{458B925E-4502-4693-8323-7552263B2DC2} = {458B925E-4502-4693-8323-7552263B2DC2}
		{37E9A41E-1189-492C-9EFA-CBB3EC383CDE} = {37E9A41E-1189-492C-9EFA-CBB3EC383CDE}
	EndProjectSection
EndProject
Project("{8BC9CEB8-8B4A-11D0-8D11-00A0C91BC942}") = "HorizonCore", "HorizonCore.vcxproj", "{4F5E8C91-C7F8-4E60-AACE-4700FC9E51E5}"
	ProjectSection(ProjectDependencies) = postProject
		{37E9A41E-1189-492C-9EFA-CBB3EC383CDE} = {37E9A41E-1189-492C-9EFA-CBB3EC383CDE}
	EndProjectSection
EndProject
Project("{8BC9CEB8-8B4A-11D0-8D11-00A0C91BC942}") = "HorizonCoreStatic", "HorizonCoreStatic.vcxproj", "{458B925E-4502-4693-8323-7552263B2DC2}"
	ProjectSection(ProjectDependencies) = postProject
		{37E9A41E-1189-492C-9EFA-CBB3EC383CDE} = {37E9A41E-1189-492C-9EFA-CBB3EC383CDE}
	EndProjectSection
EndProject
Project("{8BC9CEB8-8B4A-11D0-8D11-00A0C91BC942}") = "ZERO_CHECK", "ZERO_CHECK.vcxproj", "{37E9A41E-1189-492C-9EFA-CBB3EC383CDE}"
	ProjectSection(ProjectDependencies) = postProject
	EndProjectSection
EndProject
Global
	GlobalSection(SolutionConfigurationPlatforms) = preSolution
		Debug|Win32 = Debug|Win32
		Release|Win32 = Release|Win32
		MinSizeRel|Win32 = MinSizeRel|Win32
		RelWithDebInfo|Win32 = RelWithDebInfo|Win32
	EndGlobalSection
	GlobalSection(ProjectConfigurationPlatforms) = postSolution
		{0F26771D-9B34-4097-8672-2F4BF77A33EF}.Debug|Win32.ActiveCfg = Debug|Win32
		{0F26771D-9B34-4097-8672-2F4BF77A33EF}.Release|Win32.ActiveCfg = Release|Win32
		{0F26771D-9B34-4097-8672-2F4BF77A33EF}.MinSizeRel|Win32.ActiveCfg = MinSizeRel|Win32
		{0F26771D-9B34-4097-8672-2F4BF77A33EF}.RelWithDebInfo|Win32.ActiveCfg = RelWithDebInfo|Win32
		{4F5E8C91-C7F8-4E60-AACE-4700FC9E51E5}.Debug|Win32.ActiveCfg = Debug|Win32
		{4F5E8C91-C7F8-4E60-AACE-4700FC9E51E5}.Debug|Win32.Build.0 = Debug|Win32
		{4F5E8C91-C7F8-4E60-AACE-4700FC9E51E5}.Release|Win32.ActiveCfg = Release|Win32
		{4F5E8C91-C7F8-4E60-AACE-4700FC9E51E5}.Release|Win32.Build.0 = Release|Win32
		{4F5E8C91-C7F8-4E60-AACE-4700FC9E51E5}.MinSizeRel|Win32.ActiveCfg = MinSizeRel|Win32
		{4F5E8C91-C7F8-4E60-AACE-4700FC9E51E5}.MinSizeRel|Win32.Build.0 = MinSizeRel|Win32
		{4F5E8C91-C7F8-4E60-AACE-4700FC9E51E5}.RelWithDebInfo|Win32.ActiveCfg = RelWithDebInfo|Win32
		{4F5E8C91-C7F8-4E60-AACE-4700FC9E51E5}.RelWithDebInfo|Win32.Build.0 = RelWithDebInfo|Win32
		{458B925E-4502-4693-8323-7552263B2DC2}.Debug|Win32.ActiveCfg = Debug|Win32
		{458B925E-4502-4693-8323-7552263B2DC2}.Debug|Win32.Build.0 = Debug|Win32
		{458B925E-4502-4693-8323-7552263B2DC2}.Release|Win32.ActiveCfg = Release|Win32
		{458B925E-4502-4693-8323-7552263B2DC2}.Release|Win32.Build.0 = Release|Win32
		{458B925E-4502-4693-8323-7552263B2DC2}.MinSizeRel|Win32.ActiveCfg = MinSizeRel|Win32
		{458B925E-4502-4693-8323-7552263B2DC2}.MinSizeRel|Win32.Build.0 = MinSizeRel|Win32
		{458B925E-4502-4693-8323-7552263B2DC2}.RelWithDebInfo|Win32.ActiveCfg = RelWithDebInfo|Win32
		{458B925E-4502-4693-8323-7552263B2DC2}.RelWithDebInfo|Win32.Build.0 = RelWithDebInfo|Win32
		{37E9A41E-1189-492C-9EFA-CBB3EC383CDE}.Debug|Win32.ActiveCfg = Debug|Win32
		{37E9A41E-1189-492C-9EFA-CBB3EC383CDE}.Debug|Win32.Build.0 = Debug|Win32
		{37E9A41E-1189-492C-9EFA-CBB3EC383CDE}.Release|Win32.ActiveCfg = Release|Win32
		{37E9A41E-1189-492C-9EFA-CBB3EC383CDE}.Release|Win32.Build.0 = Release|Win32
		{37E9A41E-1189-492C-9EFA-CBB3EC383CDE}.MinSizeRel|Win32.ActiveCfg = MinSizeRel|Win32
		{37E9A41E-1189-492C-9EFA-CBB3EC383CDE}.MinSizeRel|Win32.Build.0 = MinSizeRel|Win32
		{37E9A41E-1189-492C-9EFA-CBB3EC383CDE}.RelWithDebInfo|Win32.ActiveCfg = RelWithDebInfo|Win32
		{37E9A41E-1189-492C-9EFA-CBB3EC383CDE}.RelWithDebInfo|Win32.Build.0 = RelWithDebInfo|Win32
	EndGlobalSection
	GlobalSection(ExtensibilityGlobals) = postSolution
	EndGlobalSection
	GlobalSection(ExtensibilityAddIns) = postSolution
	EndGlobalSection
EndGlobal
