<?xml version="1.0" encoding="Windows-1252"?>
<Project ToolsVersion="12.0" xmlns="http://schemas.microsoft.com/developer/msbuild/2003">
  <ItemGroup>
    <ClCompile Include="C:\Users\dorgonman\Documents\workspace\project_horizon\HorizonCore\cpp\Platform\standard\main.cpp">
      <Filter>cpp\Platform\standard</Filter>
    </ClCompile>
  </ItemGroup>
  <ItemGroup>
    <CustomBuild Include="C:\Users\dorgonman\Documents\workspace\project_horizon\HorizonCore\CMakeLists.txt" />
  </ItemGroup>
  <ItemGroup>
    <Filter Include="cpp">
      <UniqueIdentifier>{7608A863-AA71-468F-8F5A-9ECF006E4692}</UniqueIdentifier>
    </Filter>
    <Filter Include="cpp\Platform">
      <UniqueIdentifier>{E6103AD6-7E7E-4237-9C6C-381902877542}</UniqueIdentifier>
    </Filter>
    <Filter Include="cpp\Platform\standard">
      <UniqueIdentifier>{CF4AB545-115A-4F76-A0F4-F4FFA60A9FCC}</UniqueIdentifier>
    </Filter>
  </ItemGroup>
</Project>
